
Microsoft Visual Studio Solution File, Format Version 12.00
# Visual Studio Version 17
VisualStudioVersion = 17.2.32526.322
MinimumVisualStudioVersion = 10.0.40219.1
Project("{FAE04EC0-301F-11D3-BF4B-00C04F79EFBC}") = "LightshotParser", "LightshotParser.csproj", "{4EDF0FD2-25BF-40EC-8CE8-E4AA77D2729C}"
EndProject
Global
	GlobalSection(SolutionConfigurationPlatforms) = preSolution
		Debug|Any CPU = Debug|Any CPU
		Release|Any CPU = Release|Any CPU
	EndGlobalSection
	GlobalSection(ProjectConfigurationPlatforms) = postSolution
		{4EDF0FD2-25BF-40EC-8CE8-E4AA77D2729C}.Debug|Any CPU.ActiveCfg = Debug|Any CPU
		{4EDF0FD2-25BF-40EC-8CE8-E4AA77D2729C}.Debug|Any CPU.Build.0 = Debug|Any CPU
		{4EDF0FD2-25BF-40EC-8CE8-E4AA77D2729C}.Release|Any CPU.ActiveCfg = Release|Any CPU
		{4EDF0FD2-25BF-40EC-8CE8-E4AA77D2729C}.Release|Any CPU.Build.0 = Release|Any CPU
	EndGlobalSection
	GlobalSection(SolutionProperties) = preSolution
		HideSolutionNode = FALSE
	EndGlobalSection
	GlobalSection(ExtensibilityGlobals) = postSolution
		SolutionGuid = {C2B7CA78-74C0-4B65-87EB-CEA417C469AE}
	EndGlobalSection
EndGlobal
